
Microsoft Visual Studio Solution File, Format Version 12.00
# Visual Studio 2013
VisualStudioVersion = 12.0.31101.0
MinimumVisualStudioVersion = 10.0.40219.1
Project("{2150E333-8FDC-42A3-9474-1A3956D46DE8}") = ".paket", ".paket", "{4575C3A9-B9DF-431F-A356-5145FB505570}"
	ProjectSection(SolutionItems) = preProject
		paket.dependencies = paket.dependencies
	EndProjectSection
EndProject
Project("{FAE04EC0-301F-11D3-BF4B-00C04F79EFBC}") = "DediLib", "src\app\DediLib\DediLib.csproj", "{A7535031-D4D3-4DF8-A797-2B639639CF0D}"
EndProject
Project("{FAE04EC0-301F-11D3-BF4B-00C04F79EFBC}") = "DediLib.Tests", "src\test\DediLib.Tests\DediLib.Tests.csproj", "{1ED95BD0-5CE8-4CC9-8747-1BD88DB245B7}"
EndProject
Global
	GlobalSection(SolutionConfigurationPlatforms) = preSolution
		Debug|Any CPU = Debug|Any CPU
		Release|Any CPU = Release|Any CPU
	EndGlobalSection
	GlobalSection(ProjectConfigurationPlatforms) = postSolution
		{A7535031-D4D3-4DF8-A797-2B639639CF0D}.Debug|Any CPU.ActiveCfg = Debug|Any CPU
		{A7535031-D4D3-4DF8-A797-2B639639CF0D}.Debug|Any CPU.Build.0 = Debug|Any CPU
		{A7535031-D4D3-4DF8-A797-2B639639CF0D}.Release|Any CPU.ActiveCfg = Release|Any CPU
		{A7535031-D4D3-4DF8-A797-2B639639CF0D}.Release|Any CPU.Build.0 = Release|Any CPU
		{1ED95BD0-5CE8-4CC9-8747-1BD88DB245B7}.Debug|Any CPU.ActiveCfg = Debug|Any CPU
		{1ED95BD0-5CE8-4CC9-8747-1BD88DB245B7}.Debug|Any CPU.Build.0 = Debug|Any CPU
		{1ED95BD0-5CE8-4CC9-8747-1BD88DB245B7}.Release|Any CPU.ActiveCfg = Release|Any CPU
		{1ED95BD0-5CE8-4CC9-8747-1BD88DB245B7}.Release|Any CPU.Build.0 = Release|Any CPU
	EndGlobalSection
	GlobalSection(SolutionProperties) = preSolution
		HideSolutionNode = FALSE
	EndGlobalSection
EndGlobal
